
Microsoft Visual Studio Solution File, Format Version 12.00
# Visual Studio Version 17
VisualStudioVersion = 17.8.34316.72
MinimumVisualStudioVersion = 10.0.40219.1
Project("{FAE04EC0-301F-11D3-BF4B-00C04F79EFBC}") = "CalculadoraIMC", "CalculadoraIMC\CalculadoraIMC.csproj", "{BDEECFC1-A2C7-4316-A811-50A244B6BE4E}"
EndProject
Global
	GlobalSection(SolutionConfigurationPlatforms) = preSolution
		Debug|Any CPU = Debug|Any CPU
		Release|Any CPU = Release|Any CPU
	EndGlobalSection
	GlobalSection(ProjectConfigurationPlatforms) = postSolution
		{BDEECFC1-A2C7-4316-A811-50A244B6BE4E}.Debug|Any CPU.ActiveCfg = Debug|Any CPU
		{BDEECFC1-A2C7-4316-A811-50A244B6BE4E}.Debug|Any CPU.Build.0 = Debug|Any CPU
		{BDEECFC1-A2C7-4316-A811-50A244B6BE4E}.Release|Any CPU.ActiveCfg = Release|Any CPU
		{BDEECFC1-A2C7-4316-A811-50A244B6BE4E}.Release|Any CPU.Build.0 = Release|Any CPU
	EndGlobalSection
	GlobalSection(SolutionProperties) = preSolution
		HideSolutionNode = FALSE
	EndGlobalSection
	GlobalSection(ExtensibilityGlobals) = postSolution
		SolutionGuid = {FAF055B1-62D9-4227-A7F5-9E49606C2BB6}
	EndGlobalSection
EndGlobal
